
Microsoft Visual Studio Solution File, Format Version 12.00
# Visual Studio Version 16
VisualStudioVersion = 16.0.30517.126
MinimumVisualStudioVersion = 10.0.40219.1
Project("{FAE04EC0-301F-11D3-BF4B-00C04F79EFBC}") = "Personnel.core.Domain", "Personnel.core.Domain\Personnel.core.Domain.csproj", "{BACCD76F-6437-47B6-92DF-A8F135418329}"
EndProject
Global
	GlobalSection(SolutionConfigurationPlatforms) = preSolution
		Debug|Any CPU = Debug|Any CPU
		Release|Any CPU = Release|Any CPU
	EndGlobalSection
	GlobalSection(ProjectConfigurationPlatforms) = postSolution
		{BACCD76F-6437-47B6-92DF-A8F135418329}.Debug|Any CPU.ActiveCfg = Debug|Any CPU
		{BACCD76F-6437-47B6-92DF-A8F135418329}.Debug|Any CPU.Build.0 = Debug|Any CPU
		{BACCD76F-6437-47B6-92DF-A8F135418329}.Release|Any CPU.ActiveCfg = Release|Any CPU
		{BACCD76F-6437-47B6-92DF-A8F135418329}.Release|Any CPU.Build.0 = Release|Any CPU
	EndGlobalSection
	GlobalSection(SolutionProperties) = preSolution
		HideSolutionNode = FALSE
	EndGlobalSection
	GlobalSection(ExtensibilityGlobals) = postSolution
		SolutionGuid = {625E5E39-9C75-4196-BD52-95455522F7A9}
	EndGlobalSection
EndGlobal
